
Microsoft Visual Studio Solution File, Format Version 12.00
# Visual Studio Version 17
VisualStudioVersion = 17.13.35825.156
MinimumVisualStudioVersion = 10.0.40219.1
Project("{FAE04EC0-301F-11D3-BF4B-00C04F79EFBC}") = "CarRental", "CarRental\CarRental.csproj", "{B767844F-1264-45B2-809C-4DB5D5E44842}"
EndProject
Global
	GlobalSection(SolutionConfigurationPlatforms) = preSolution
		Debug|Any CPU = Debug|Any CPU
		Debug|x86 = Debug|x86
		Release|Any CPU = Release|Any CPU
		Release|x86 = Release|x86
	EndGlobalSection
	GlobalSection(ProjectConfigurationPlatforms) = postSolution
		{B767844F-1264-45B2-809C-4DB5D5E44842}.Debug|Any CPU.ActiveCfg = Debug|Any CPU
		{B767844F-1264-45B2-809C-4DB5D5E44842}.Debug|Any CPU.Build.0 = Debug|Any CPU
		{B767844F-1264-45B2-809C-4DB5D5E44842}.Debug|x86.ActiveCfg = Debug|x86
		{B767844F-1264-45B2-809C-4DB5D5E44842}.Debug|x86.Build.0 = Debug|x86
		{B767844F-1264-45B2-809C-4DB5D5E44842}.Release|Any CPU.ActiveCfg = Release|Any CPU
		{B767844F-1264-45B2-809C-4DB5D5E44842}.Release|Any CPU.Build.0 = Release|Any CPU
		{B767844F-1264-45B2-809C-4DB5D5E44842}.Release|x86.ActiveCfg = Release|x86
		{B767844F-1264-45B2-809C-4DB5D5E44842}.Release|x86.Build.0 = Release|x86
	EndGlobalSection
	GlobalSection(SolutionProperties) = preSolution
		HideSolutionNode = FALSE
	EndGlobalSection
	GlobalSection(ExtensibilityGlobals) = postSolution
		SolutionGuid = {8753F3AB-8D6F-4503-88A7-D437538F5C73}
	EndGlobalSection
EndGlobal
